Microsoft Visual Studio Solution File, Format Version 12.00
# Visual Studio Version 17
VisualStudioVersion = 17.0
MinimumVisualStudioVersion = 10.0.40219.1
Project("{9A19103F-16F7-4668-BE54-9A1E7A4F7556}") = "Hpack", "Hpack\Hpack.csproj", "{F86F63E7-55B2-4776-BF1F-F8AFFDCF3355}"
EndProject
Project("{9A19103F-16F7-4668-BE54-9A1E7A4F7556}") = "HpackTests", "HpackTests\HpackTests.csproj", "{AB4E7AD2-5778-485D-BE8D-9A7268C35B2E}"
EndProject
Project("{9A19103F-16F7-4668-BE54-9A1E7A4F7556}") = "Http2", "Http2\Http2.csproj", "{6B80E5BC-D4AA-4C15-BE02-63270F042157}"
EndProject
Project("{9A19103F-16F7-4668-BE54-9A1E7A4F7556}") = "Http2Tests", "Http2Tests\Http2Tests.csproj", "{71378047-112F-4CA9-816E-C629C6C12D5D}"
EndProject
Project("{9A19103F-16F7-4668-BE54-9A1E7A4F7556}") = "ExampleServer", "Examples\ExampleServer\ExampleServer.csproj", "{4691A7A9-676C-4397-8AD4-26B455CFEFA4}"
EndProject
Project("{9A19103F-16F7-4668-BE54-9A1E7A4F7556}") = "BenchmarkServer", "Examples\BenchmarkServer\BenchmarkServer.csproj", "{6D41A0A2-AAC8-4235-9217-8DDC2546642C}"
EndProject
Project("{13B669BE-BB05-4DDF-9536-439F39A36129}") = "UpgradeExampleServer", "Examples\UpgradeExampleServer\UpgradeExampleServer.csproj", "{FD5F12CD-ED26-4636-A451-7F9F4E080161}"
EndProject
Project("{2150E333-8FDC-42A3-9474-1A3956D46DE8}") = "Examples", "Examples", "{CB2A3DEE-0493-4168-A028-21F9B6455434}"
EndProject
Project("{13B669BE-BB05-4DDF-9536-439F39A36129}") = "CliClient", "Examples\CliClient\CliClient.csproj", "{BD714876-5416-4683-9D23-32194C4A6E30}"
EndProject
Project("{9A19103F-16F7-4668-BE54-9A1E7A4F7556}") = "HttpsExampleServer", "Examples\HttpsExampleServer\HttpsExampleServer.csproj", "{5337F436-D56B-4EA4-9908-C47B48060AA8}"
EndProject
Project("{9A19103F-16F7-4668-BE54-9A1E7A4F7556}") = "CliHttpsClient", "Examples\CliHttpsClient\CliHttpsClient.csproj", "{15E320DF-C587-4B2F-89DC-9B87B81184CA}"
EndProject
Project("{9A19103F-16F7-4668-BE54-9A1E7A4F7556}") = "UpgradeHttpsExampleServer", "Examples\UpgradeHttpsExampleServer\UpgradeHttpsExampleServer.csproj", "{06214367-7FB6-4F36-AB06-0466619F045C}"
EndProject
Project("{9A19103F-16F7-4668-BE54-9A1E7A4F7556}") = "AGZClient", "Examples\AGZClient\AGZClient.csproj", "{31FC2BF9-3A69-4544-875B-451E84787819}"
EndProject
Project("{9A19103F-16F7-4668-BE54-9A1E7A4F7556}") = "AGZServer", "Examples\AGZServer\AGZServer.csproj", "{6AC3D777-215C-48E5-BC6C-8346DA2976A5}"
EndProject
Project("{FAE04EC0-301F-11D3-BF4B-00C04F79EFBC}") = "AGZCommon", "Examples\AGZCommon\AGZCommon.csproj", "{9EE75AFE-D3B2-4810-AE34-D3297208E210}"
EndProject
Project("{FAE04EC0-301F-11D3-BF4B-00C04F79EFBC}") = "CameraServer1", "Examples\CameraServer1\CameraServer1.csproj", "{EEDF0CB4-ABB0-46E3-B815-FDA0894AA15D}"
EndProject
Project("{FAE04EC0-301F-11D3-BF4B-00C04F79EFBC}") = "TestApp", "Examples\TestApp\TestApp.csproj", "{2D01514D-8D5D-41A2-B85D-5E4569933765}"
EndProject
Project("{FAE04EC0-301F-11D3-BF4B-00C04F79EFBC}") = "UplinkLib", "Examples\UplinkLib\UplinkLib.csproj", "{CE12A7DD-C9F3-4BEB-BC9F-9EF30BDE2B23}"
EndProject
Project("{2150E333-8FDC-42A3-9474-1A3956D46DE8}") = "Custom", "Custom", "{4869E56E-C0A2-4BE9-B67F-F789E9D7CEDF}"
EndProject
Project("{FAE04EC0-301F-11D3-BF4B-00C04F79EFBC}") = "DTTApp", "Examples\DTTApp\DTTApp.csproj", "{E782E279-F5BF-4954-B650-54587671EF51}"
EndProject
Project("{FAE04EC0-301F-11D3-BF4B-00C04F79EFBC}") = "CameraApp", "Examples\CameraApp\CameraApp.csproj", "{A41F5E31-EF8D-4BC6-9C4A-E6760935C6D2}"
EndProject
Global
	GlobalSection(SolutionConfigurationPlatforms) = preSolution
		Debug|Any CPU = Debug|Any CPU
		Debug|x64 = Debug|x64
		Debug|x86 = Debug|x86
		Release|Any CPU = Release|Any CPU
		Release|x64 = Release|x64
		Release|x86 = Release|x86
	EndGlobalSection
	GlobalSection(ProjectConfigurationPlatforms) = postSolution
		{F86F63E7-55B2-4776-BF1F-F8AFFDCF3355}.Debug|Any CPU.ActiveCfg = Debug|Any CPU
		{F86F63E7-55B2-4776-BF1F-F8AFFDCF3355}.Debug|Any CPU.Build.0 = Debug|Any CPU
		{F86F63E7-55B2-4776-BF1F-F8AFFDCF3355}.Debug|x64.ActiveCfg = Debug|Any CPU
		{F86F63E7-55B2-4776-BF1F-F8AFFDCF3355}.Debug|x64.Build.0 = Debug|Any CPU
		{F86F63E7-55B2-4776-BF1F-F8AFFDCF3355}.Debug|x86.ActiveCfg = Debug|Any CPU
		{F86F63E7-55B2-4776-BF1F-F8AFFDCF3355}.Debug|x86.Build.0 = Debug|Any CPU
		{F86F63E7-55B2-4776-BF1F-F8AFFDCF3355}.Release|Any CPU.ActiveCfg = Release|Any CPU
		{F86F63E7-55B2-4776-BF1F-F8AFFDCF3355}.Release|Any CPU.Build.0 = Release|Any CPU
		{F86F63E7-55B2-4776-BF1F-F8AFFDCF3355}.Release|x64.ActiveCfg = Release|Any CPU
		{F86F63E7-55B2-4776-BF1F-F8AFFDCF3355}.Release|x64.Build.0 = Release|Any CPU
		{F86F63E7-55B2-4776-BF1F-F8AFFDCF3355}.Release|x86.ActiveCfg = Release|Any CPU
		{F86F63E7-55B2-4776-BF1F-F8AFFDCF3355}.Release|x86.Build.0 = Release|Any CPU
		{AB4E7AD2-5778-485D-BE8D-9A7268C35B2E}.Debug|Any CPU.ActiveCfg = Debug|Any CPU
		{AB4E7AD2-5778-485D-BE8D-9A7268C35B2E}.Debug|Any CPU.Build.0 = Debug|Any CPU
		{AB4E7AD2-5778-485D-BE8D-9A7268C35B2E}.Debug|x64.ActiveCfg = Debug|Any CPU
		{AB4E7AD2-5778-485D-BE8D-9A7268C35B2E}.Debug|x64.Build.0 = Debug|Any CPU
		{AB4E7AD2-5778-485D-BE8D-9A7268C35B2E}.Debug|x86.ActiveCfg = Debug|Any CPU
		{AB4E7AD2-5778-485D-BE8D-9A7268C35B2E}.Debug|x86.Build.0 = Debug|Any CPU
		{AB4E7AD2-5778-485D-BE8D-9A7268C35B2E}.Release|Any CPU.ActiveCfg = Release|Any CPU
		{AB4E7AD2-5778-485D-BE8D-9A7268C35B2E}.Release|Any CPU.Build.0 = Release|Any CPU
		{AB4E7AD2-5778-485D-BE8D-9A7268C35B2E}.Release|x64.ActiveCfg = Release|Any CPU
		{AB4E7AD2-5778-485D-BE8D-9A7268C35B2E}.Release|x64.Build.0 = Release|Any CPU
		{AB4E7AD2-5778-485D-BE8D-9A7268C35B2E}.Release|x86.ActiveCfg = Release|Any CPU
		{AB4E7AD2-5778-485D-BE8D-9A7268C35B2E}.Release|x86.Build.0 = Release|Any CPU
		{6B80E5BC-D4AA-4C15-BE02-63270F042157}.Debug|Any CPU.ActiveCfg = Debug|Any CPU
		{6B80E5BC-D4AA-4C15-BE02-63270F042157}.Debug|Any CPU.Build.0 = Debug|Any CPU
		{6B80E5BC-D4AA-4C15-BE02-63270F042157}.Debug|x64.ActiveCfg = Debug|Any CPU
		{6B80E5BC-D4AA-4C15-BE02-63270F042157}.Debug|x64.Build.0 = Debug|Any CPU
		{6B80E5BC-D4AA-4C15-BE02-63270F042157}.Debug|x86.ActiveCfg = Debug|Any CPU
		{6B80E5BC-D4AA-4C15-BE02-63270F042157}.Debug|x86.Build.0 = Debug|Any CPU
		{6B80E5BC-D4AA-4C15-BE02-63270F042157}.Release|Any CPU.ActiveCfg = Release|Any CPU
		{6B80E5BC-D4AA-4C15-BE02-63270F042157}.Release|Any CPU.Build.0 = Release|Any CPU
		{6B80E5BC-D4AA-4C15-BE02-63270F042157}.Release|x64.ActiveCfg = Release|Any CPU
		{6B80E5BC-D4AA-4C15-BE02-63270F042157}.Release|x64.Build.0 = Release|Any CPU
		{6B80E5BC-D4AA-4C15-BE02-63270F042157}.Release|x86.ActiveCfg = Release|Any CPU
		{6B80E5BC-D4AA-4C15-BE02-63270F042157}.Release|x86.Build.0 = Release|Any CPU
		{71378047-112F-4CA9-816E-C629C6C12D5D}.Debug|Any CPU.ActiveCfg = Debug|Any CPU
		{71378047-112F-4CA9-816E-C629C6C12D5D}.Debug|Any CPU.Build.0 = Debug|Any CPU
		{71378047-112F-4CA9-816E-C629C6C12D5D}.Debug|x64.ActiveCfg = Debug|Any CPU
		{71378047-112F-4CA9-816E-C629C6C12D5D}.Debug|x64.Build.0 = Debug|Any CPU
		{71378047-112F-4CA9-816E-C629C6C12D5D}.Debug|x86.ActiveCfg = Debug|Any CPU
		{71378047-112F-4CA9-816E-C629C6C12D5D}.Debug|x86.Build.0 = Debug|Any CPU
		{71378047-112F-4CA9-816E-C629C6C12D5D}.Release|Any CPU.ActiveCfg = Release|Any CPU
		{71378047-112F-4CA9-816E-C629C6C12D5D}.Release|Any CPU.Build.0 = Release|Any CPU
		{71378047-112F-4CA9-816E-C629C6C12D5D}.Release|x64.ActiveCfg = Release|Any CPU
		{71378047-112F-4CA9-816E-C629C6C12D5D}.Release|x64.Build.0 = Release|Any CPU
		{71378047-112F-4CA9-816E-C629C6C12D5D}.Release|x86.ActiveCfg = Release|Any CPU
		{71378047-112F-4CA9-816E-C629C6C12D5D}.Release|x86.Build.0 = Release|Any CPU
		{4691A7A9-676C-4397-8AD4-26B455CFEFA4}.Debug|Any CPU.ActiveCfg = Debug|Any CPU
		{4691A7A9-676C-4397-8AD4-26B455CFEFA4}.Debug|Any CPU.Build.0 = Debug|Any CPU
		{4691A7A9-676C-4397-8AD4-26B455CFEFA4}.Debug|x64.ActiveCfg = Debug|Any CPU
		{4691A7A9-676C-4397-8AD4-26B455CFEFA4}.Debug|x64.Build.0 = Debug|Any CPU
		{4691A7A9-676C-4397-8AD4-26B455CFEFA4}.Debug|x86.ActiveCfg = Debug|Any CPU
		{4691A7A9-676C-4397-8AD4-26B455CFEFA4}.Debug|x86.Build.0 = Debug|Any CPU
		{4691A7A9-676C-4397-8AD4-26B455CFEFA4}.Release|Any CPU.ActiveCfg = Release|Any CPU
		{4691A7A9-676C-4397-8AD4-26B455CFEFA4}.Release|Any CPU.Build.0 = Release|Any CPU
		{4691A7A9-676C-4397-8AD4-26B455CFEFA4}.Release|x64.ActiveCfg = Release|Any CPU
		{4691A7A9-676C-4397-8AD4-26B455CFEFA4}.Release|x64.Build.0 = Release|Any CPU
		{4691A7A9-676C-4397-8AD4-26B455CFEFA4}.Release|x86.ActiveCfg = Release|Any CPU
		{4691A7A9-676C-4397-8AD4-26B455CFEFA4}.Release|x86.Build.0 = Release|Any CPU
		{6D41A0A2-AAC8-4235-9217-8DDC2546642C}.Debug|Any CPU.ActiveCfg = Debug|Any CPU
		{6D41A0A2-AAC8-4235-9217-8DDC2546642C}.Debug|Any CPU.Build.0 = Debug|Any CPU
		{6D41A0A2-AAC8-4235-9217-8DDC2546642C}.Debug|x64.ActiveCfg = Debug|Any CPU
		{6D41A0A2-AAC8-4235-9217-8DDC2546642C}.Debug|x64.Build.0 = Debug|Any CPU
		{6D41A0A2-AAC8-4235-9217-8DDC2546642C}.Debug|x86.ActiveCfg = Debug|Any CPU
		{6D41A0A2-AAC8-4235-9217-8DDC2546642C}.Debug|x86.Build.0 = Debug|Any CPU
		{6D41A0A2-AAC8-4235-9217-8DDC2546642C}.Release|Any CPU.ActiveCfg = Release|Any CPU
		{6D41A0A2-AAC8-4235-9217-8DDC2546642C}.Release|Any CPU.Build.0 = Release|Any CPU
		{6D41A0A2-AAC8-4235-9217-8DDC2546642C}.Release|x64.ActiveCfg = Release|Any CPU
		{6D41A0A2-AAC8-4235-9217-8DDC2546642C}.Release|x64.Build.0 = Release|Any CPU
		{6D41A0A2-AAC8-4235-9217-8DDC2546642C}.Release|x86.ActiveCfg = Release|Any CPU
		{6D41A0A2-AAC8-4235-9217-8DDC2546642C}.Release|x86.Build.0 = Release|Any CPU
		{FD5F12CD-ED26-4636-A451-7F9F4E080161}.Debug|Any CPU.ActiveCfg = Debug|Any CPU
		{FD5F12CD-ED26-4636-A451-7F9F4E080161}.Debug|Any CPU.Build.0 = Debug|Any CPU
		{FD5F12CD-ED26-4636-A451-7F9F4E080161}.Debug|x64.ActiveCfg = Debug|Any CPU
		{FD5F12CD-ED26-4636-A451-7F9F4E080161}.Debug|x64.Build.0 = Debug|Any CPU
		{FD5F12CD-ED26-4636-A451-7F9F4E080161}.Debug|x86.ActiveCfg = Debug|Any CPU
		{FD5F12CD-ED26-4636-A451-7F9F4E080161}.Debug|x86.Build.0 = Debug|Any CPU
		{FD5F12CD-ED26-4636-A451-7F9F4E080161}.Release|Any CPU.ActiveCfg = Release|Any CPU
		{FD5F12CD-ED26-4636-A451-7F9F4E080161}.Release|Any CPU.Build.0 = Release|Any CPU
		{FD5F12CD-ED26-4636-A451-7F9F4E080161}.Release|x64.ActiveCfg = Release|Any CPU
		{FD5F12CD-ED26-4636-A451-7F9F4E080161}.Release|x64.Build.0 = Release|Any CPU
		{FD5F12CD-ED26-4636-A451-7F9F4E080161}.Release|x86.ActiveCfg = Release|Any CPU
		{FD5F12CD-ED26-4636-A451-7F9F4E080161}.Release|x86.Build.0 = Release|Any CPU
		{BD714876-5416-4683-9D23-32194C4A6E30}.Debug|Any CPU.ActiveCfg = Debug|Any CPU
		{BD714876-5416-4683-9D23-32194C4A6E30}.Debug|Any CPU.Build.0 = Debug|Any CPU
		{BD714876-5416-4683-9D23-32194C4A6E30}.Debug|x64.ActiveCfg = Debug|Any CPU
		{BD714876-5416-4683-9D23-32194C4A6E30}.Debug|x64.Build.0 = Debug|Any CPU
		{BD714876-5416-4683-9D23-32194C4A6E30}.Debug|x86.ActiveCfg = Debug|Any CPU
		{BD714876-5416-4683-9D23-32194C4A6E30}.Debug|x86.Build.0 = Debug|Any CPU
		{BD714876-5416-4683-9D23-32194C4A6E30}.Release|Any CPU.ActiveCfg = Release|Any CPU
		{BD714876-5416-4683-9D23-32194C4A6E30}.Release|Any CPU.Build.0 = Release|Any CPU
		{BD714876-5416-4683-9D23-32194C4A6E30}.Release|x64.ActiveCfg = Release|Any CPU
		{BD714876-5416-4683-9D23-32194C4A6E30}.Release|x64.Build.0 = Release|Any CPU
		{BD714876-5416-4683-9D23-32194C4A6E30}.Release|x86.ActiveCfg = Release|Any CPU
		{BD714876-5416-4683-9D23-32194C4A6E30}.Release|x86.Build.0 = Release|Any CPU
		{5337F436-D56B-4EA4-9908-C47B48060AA8}.Debug|Any CPU.ActiveCfg = Debug|Any CPU
		{5337F436-D56B-4EA4-9908-C47B48060AA8}.Debug|Any CPU.Build.0 = Debug|Any CPU
		{5337F436-D56B-4EA4-9908-C47B48060AA8}.Debug|x64.ActiveCfg = Debug|Any CPU
		{5337F436-D56B-4EA4-9908-C47B48060AA8}.Debug|x64.Build.0 = Debug|Any CPU
		{5337F436-D56B-4EA4-9908-C47B48060AA8}.Debug|x86.ActiveCfg = Debug|Any CPU
		{5337F436-D56B-4EA4-9908-C47B48060AA8}.Debug|x86.Build.0 = Debug|Any CPU
		{5337F436-D56B-4EA4-9908-C47B48060AA8}.Release|Any CPU.ActiveCfg = Release|Any CPU
		{5337F436-D56B-4EA4-9908-C47B48060AA8}.Release|Any CPU.Build.0 = Release|Any CPU
		{5337F436-D56B-4EA4-9908-C47B48060AA8}.Release|x64.ActiveCfg = Release|Any CPU
		{5337F436-D56B-4EA4-9908-C47B48060AA8}.Release|x64.Build.0 = Release|Any CPU
		{5337F436-D56B-4EA4-9908-C47B48060AA8}.Release|x86.ActiveCfg = Release|Any CPU
		{5337F436-D56B-4EA4-9908-C47B48060AA8}.Release|x86.Build.0 = Release|Any CPU
		{15E320DF-C587-4B2F-89DC-9B87B81184CA}.Debug|Any CPU.ActiveCfg = Debug|Any CPU
		{15E320DF-C587-4B2F-89DC-9B87B81184CA}.Debug|Any CPU.Build.0 = Debug|Any CPU
		{15E320DF-C587-4B2F-89DC-9B87B81184CA}.Debug|x64.ActiveCfg = Debug|Any CPU
		{15E320DF-C587-4B2F-89DC-9B87B81184CA}.Debug|x64.Build.0 = Debug|Any CPU
		{15E320DF-C587-4B2F-89DC-9B87B81184CA}.Debug|x86.ActiveCfg = Debug|Any CPU
		{15E320DF-C587-4B2F-89DC-9B87B81184CA}.Debug|x86.Build.0 = Debug|Any CPU
		{15E320DF-C587-4B2F-89DC-9B87B81184CA}.Release|Any CPU.ActiveCfg = Release|Any CPU
		{15E320DF-C587-4B2F-89DC-9B87B81184CA}.Release|Any CPU.Build.0 = Release|Any CPU
		{15E320DF-C587-4B2F-89DC-9B87B81184CA}.Release|x64.ActiveCfg = Release|Any CPU
		{15E320DF-C587-4B2F-89DC-9B87B81184CA}.Release|x64.Build.0 = Release|Any CPU
		{15E320DF-C587-4B2F-89DC-9B87B81184CA}.Release|x86.ActiveCfg = Release|Any CPU
		{15E320DF-C587-4B2F-89DC-9B87B81184CA}.Release|x86.Build.0 = Release|Any CPU
		{06214367-7FB6-4F36-AB06-0466619F045C}.Debug|Any CPU.ActiveCfg = Debug|Any CPU
		{06214367-7FB6-4F36-AB06-0466619F045C}.Debug|Any CPU.Build.0 = Debug|Any CPU
		{06214367-7FB6-4F36-AB06-0466619F045C}.Debug|x64.ActiveCfg = Debug|Any CPU
		{06214367-7FB6-4F36-AB06-0466619F045C}.Debug|x64.Build.0 = Debug|Any CPU
		{06214367-7FB6-4F36-AB06-0466619F045C}.Debug|x86.ActiveCfg = Debug|Any CPU
		{06214367-7FB6-4F36-AB06-0466619F045C}.Debug|x86.Build.0 = Debug|Any CPU
		{06214367-7FB6-4F36-AB06-0466619F045C}.Release|Any CPU.ActiveCfg = Release|Any CPU
		{06214367-7FB6-4F36-AB06-0466619F045C}.Release|Any CPU.Build.0 = Release|Any CPU
		{06214367-7FB6-4F36-AB06-0466619F045C}.Release|x64.ActiveCfg = Release|Any CPU
		{06214367-7FB6-4F36-AB06-0466619F045C}.Release|x64.Build.0 = Release|Any CPU
		{06214367-7FB6-4F36-AB06-0466619F045C}.Release|x86.ActiveCfg = Release|Any CPU
		{06214367-7FB6-4F36-AB06-0466619F045C}.Release|x86.Build.0 = Release|Any CPU
		{31FC2BF9-3A69-4544-875B-451E84787819}.Debug|Any CPU.ActiveCfg = Debug|Any CPU
		{31FC2BF9-3A69-4544-875B-451E84787819}.Debug|Any CPU.Build.0 = Debug|Any CPU
		{31FC2BF9-3A69-4544-875B-451E84787819}.Debug|x64.ActiveCfg = Debug|Any CPU
		{31FC2BF9-3A69-4544-875B-451E84787819}.Debug|x64.Build.0 = Debug|Any CPU
		{31FC2BF9-3A69-4544-875B-451E84787819}.Debug|x86.ActiveCfg = Debug|Any CPU
		{31FC2BF9-3A69-4544-875B-451E84787819}.Debug|x86.Build.0 = Debug|Any CPU
		{31FC2BF9-3A69-4544-875B-451E84787819}.Release|Any CPU.ActiveCfg = Release|Any CPU
		{31FC2BF9-3A69-4544-875B-451E84787819}.Release|Any CPU.Build.0 = Release|Any CPU
		{31FC2BF9-3A69-4544-875B-451E84787819}.Release|x64.ActiveCfg = Release|Any CPU
		{31FC2BF9-3A69-4544-875B-451E84787819}.Release|x64.Build.0 = Release|Any CPU
		{31FC2BF9-3A69-4544-875B-451E84787819}.Release|x86.ActiveCfg = Release|Any CPU
		{31FC2BF9-3A69-4544-875B-451E84787819}.Release|x86.Build.0 = Release|Any CPU
		{6AC3D777-215C-48E5-BC6C-8346DA2976A5}.Debug|Any CPU.ActiveCfg = Debug|Any CPU
		{6AC3D777-215C-48E5-BC6C-8346DA2976A5}.Debug|Any CPU.Build.0 = Debug|Any CPU
		{6AC3D777-215C-48E5-BC6C-8346DA2976A5}.Debug|x64.ActiveCfg = Debug|Any CPU
		{6AC3D777-215C-48E5-BC6C-8346DA2976A5}.Debug|x64.Build.0 = Debug|Any CPU
		{6AC3D777-215C-48E5-BC6C-8346DA2976A5}.Debug|x86.ActiveCfg = Debug|Any CPU
		{6AC3D777-215C-48E5-BC6C-8346DA2976A5}.Debug|x86.Build.0 = Debug|Any CPU
		{6AC3D777-215C-48E5-BC6C-8346DA2976A5}.Release|Any CPU.ActiveCfg = Release|Any CPU
		{6AC3D777-215C-48E5-BC6C-8346DA2976A5}.Release|Any CPU.Build.0 = Release|Any CPU
		{6AC3D777-215C-48E5-BC6C-8346DA2976A5}.Release|x64.ActiveCfg = Release|Any CPU
		{6AC3D777-215C-48E5-BC6C-8346DA2976A5}.Release|x64.Build.0 = Release|Any CPU
		{6AC3D777-215C-48E5-BC6C-8346DA2976A5}.Release|x86.ActiveCfg = Release|Any CPU
		{6AC3D777-215C-48E5-BC6C-8346DA2976A5}.Release|x86.Build.0 = Release|Any CPU
		{9EE75AFE-D3B2-4810-AE34-D3297208E210}.Debug|Any CPU.ActiveCfg = Debug|Any CPU
		{9EE75AFE-D3B2-4810-AE34-D3297208E210}.Debug|Any CPU.Build.0 = Debug|Any CPU
		{9EE75AFE-D3B2-4810-AE34-D3297208E210}.Debug|x64.ActiveCfg = Debug|Any CPU
		{9EE75AFE-D3B2-4810-AE34-D3297208E210}.Debug|x64.Build.0 = Debug|Any CPU
		{9EE75AFE-D3B2-4810-AE34-D3297208E210}.Debug|x86.ActiveCfg = Debug|Any CPU
		{9EE75AFE-D3B2-4810-AE34-D3297208E210}.Debug|x86.Build.0 = Debug|Any CPU
		{9EE75AFE-D3B2-4810-AE34-D3297208E210}.Release|Any CPU.ActiveCfg = Release|Any CPU
		{9EE75AFE-D3B2-4810-AE34-D3297208E210}.Release|Any CPU.Build.0 = Release|Any CPU
		{9EE75AFE-D3B2-4810-AE34-D3297208E210}.Release|x64.ActiveCfg = Release|Any CPU
		{9EE75AFE-D3B2-4810-AE34-D3297208E210}.Release|x64.Build.0 = Release|Any CPU
		{9EE75AFE-D3B2-4810-AE34-D3297208E210}.Release|x86.ActiveCfg = Release|Any CPU
		{9EE75AFE-D3B2-4810-AE34-D3297208E210}.Release|x86.Build.0 = Release|Any CPU
		{EEDF0CB4-ABB0-46E3-B815-FDA0894AA15D}.Debug|Any CPU.ActiveCfg = Debug|Any CPU
		{EEDF0CB4-ABB0-46E3-B815-FDA0894AA15D}.Debug|Any CPU.Build.0 = Debug|Any CPU
		{EEDF0CB4-ABB0-46E3-B815-FDA0894AA15D}.Debug|x64.ActiveCfg = Debug|Any CPU
		{EEDF0CB4-ABB0-46E3-B815-FDA0894AA15D}.Debug|x64.Build.0 = Debug|Any CPU
		{EEDF0CB4-ABB0-46E3-B815-FDA0894AA15D}.Debug|x86.ActiveCfg = Debug|Any CPU
		{EEDF0CB4-ABB0-46E3-B815-FDA0894AA15D}.Debug|x86.Build.0 = Debug|Any CPU
		{EEDF0CB4-ABB0-46E3-B815-FDA0894AA15D}.Release|Any CPU.ActiveCfg = Release|Any CPU
		{EEDF0CB4-ABB0-46E3-B815-FDA0894AA15D}.Release|Any CPU.Build.0 = Release|Any CPU
		{EEDF0CB4-ABB0-46E3-B815-FDA0894AA15D}.Release|x64.ActiveCfg = Release|Any CPU
		{EEDF0CB4-ABB0-46E3-B815-FDA0894AA15D}.Release|x64.Build.0 = Release|Any CPU
		{EEDF0CB4-ABB0-46E3-B815-FDA0894AA15D}.Release|x86.ActiveCfg = Release|Any CPU
		{EEDF0CB4-ABB0-46E3-B815-FDA0894AA15D}.Release|x86.Build.0 = Release|Any CPU
		{2D01514D-8D5D-41A2-B85D-5E4569933765}.Debug|Any CPU.ActiveCfg = Debug|Any CPU
		{2D01514D-8D5D-41A2-B85D-5E4569933765}.Debug|Any CPU.Build.0 = Debug|Any CPU
		{2D01514D-8D5D-41A2-B85D-5E4569933765}.Debug|x64.ActiveCfg = Debug|Any CPU
		{2D01514D-8D5D-41A2-B85D-5E4569933765}.Debug|x64.Build.0 = Debug|Any CPU
		{2D01514D-8D5D-41A2-B85D-5E4569933765}.Debug|x86.ActiveCfg = Debug|Any CPU
		{2D01514D-8D5D-41A2-B85D-5E4569933765}.Debug|x86.Build.0 = Debug|Any CPU
		{2D01514D-8D5D-41A2-B85D-5E4569933765}.Release|Any CPU.ActiveCfg = Release|Any CPU
		{2D01514D-8D5D-41A2-B85D-5E4569933765}.Release|Any CPU.Build.0 = Release|Any CPU
		{2D01514D-8D5D-41A2-B85D-5E4569933765}.Release|x64.ActiveCfg = Release|Any CPU
		{2D01514D-8D5D-41A2-B85D-5E4569933765}.Release|x64.Build.0 = Release|Any CPU
		{2D01514D-8D5D-41A2-B85D-5E4569933765}.Release|x86.ActiveCfg = Release|Any CPU
		{2D01514D-8D5D-41A2-B85D-5E4569933765}.Release|x86.Build.0 = Release|Any CPU
		{CE12A7DD-C9F3-4BEB-BC9F-9EF30BDE2B23}.Debug|Any CPU.ActiveCfg = Debug|Any CPU
		{CE12A7DD-C9F3-4BEB-BC9F-9EF30BDE2B23}.Debug|Any CPU.Build.0 = Debug|Any CPU
		{CE12A7DD-C9F3-4BEB-BC9F-9EF30BDE2B23}.Debug|x64.ActiveCfg = Debug|Any CPU
		{CE12A7DD-C9F3-4BEB-BC9F-9EF30BDE2B23}.Debug|x64.Build.0 = Debug|Any CPU
		{CE12A7DD-C9F3-4BEB-BC9F-9EF30BDE2B23}.Debug|x86.ActiveCfg = Debug|Any CPU
		{CE12A7DD-C9F3-4BEB-BC9F-9EF30BDE2B23}.Debug|x86.Build.0 = Debug|Any CPU
		{CE12A7DD-C9F3-4BEB-BC9F-9EF30BDE2B23}.Release|Any CPU.ActiveCfg = Release|Any CPU
		{CE12A7DD-C9F3-4BEB-BC9F-9EF30BDE2B23}.Release|Any CPU.Build.0 = Release|Any CPU
		{CE12A7DD-C9F3-4BEB-BC9F-9EF30BDE2B23}.Release|x64.ActiveCfg = Release|Any CPU
		{CE12A7DD-C9F3-4BEB-BC9F-9EF30BDE2B23}.Release|x64.Build.0 = Release|Any CPU
		{CE12A7DD-C9F3-4BEB-BC9F-9EF30BDE2B23}.Release|x86.ActiveCfg = Release|Any CPU
		{CE12A7DD-C9F3-4BEB-BC9F-9EF30BDE2B23}.Release|x86.Build.0 = Release|Any CPU
		{E782E279-F5BF-4954-B650-54587671EF51}.Debug|Any CPU.ActiveCfg = Debug|Any CPU
		{E782E279-F5BF-4954-B650-54587671EF51}.Debug|Any CPU.Build.0 = Debug|Any CPU
		{E782E279-F5BF-4954-B650-54587671EF51}.Debug|x64.ActiveCfg = Debug|Any CPU
		{E782E279-F5BF-4954-B650-54587671EF51}.Debug|x64.Build.0 = Debug|Any CPU
		{E782E279-F5BF-4954-B650-54587671EF51}.Debug|x86.ActiveCfg = Debug|Any CPU
		{E782E279-F5BF-4954-B650-54587671EF51}.Debug|x86.Build.0 = Debug|Any CPU
		{E782E279-F5BF-4954-B650-54587671EF51}.Release|Any CPU.ActiveCfg = Release|Any CPU
		{E782E279-F5BF-4954-B650-54587671EF51}.Release|Any CPU.Build.0 = Release|Any CPU
		{E782E279-F5BF-4954-B650-54587671EF51}.Release|x64.ActiveCfg = Release|Any CPU
		{E782E279-F5BF-4954-B650-54587671EF51}.Release|x64.Build.0 = Release|Any CPU
		{E782E279-F5BF-4954-B650-54587671EF51}.Release|x86.ActiveCfg = Release|Any CPU
		{E782E279-F5BF-4954-B650-54587671EF51}.Release|x86.Build.0 = Release|Any CPU
		{A41F5E31-EF8D-4BC6-9C4A-E6760935C6D2}.Debug|Any CPU.ActiveCfg = Debug|Any CPU
		{A41F5E31-EF8D-4BC6-9C4A-E6760935C6D2}.Debug|Any CPU.Build.0 = Debug|Any CPU
		{A41F5E31-EF8D-4BC6-9C4A-E6760935C6D2}.Debug|x64.ActiveCfg = Debug|Any CPU
		{A41F5E31-EF8D-4BC6-9C4A-E6760935C6D2}.Debug|x64.Build.0 = Debug|Any CPU
		{A41F5E31-EF8D-4BC6-9C4A-E6760935C6D2}.Debug|x86.ActiveCfg = Debug|Any CPU
		{A41F5E31-EF8D-4BC6-9C4A-E6760935C6D2}.Debug|x86.Build.0 = Debug|Any CPU
		{A41F5E31-EF8D-4BC6-9C4A-E6760935C6D2}.Release|Any CPU.ActiveCfg = Release|Any CPU
		{A41F5E31-EF8D-4BC6-9C4A-E6760935C6D2}.Release|Any CPU.Build.0 = Release|Any CPU
		{A41F5E31-EF8D-4BC6-9C4A-E6760935C6D2}.Release|x64.ActiveCfg = Release|Any CPU
		{A41F5E31-EF8D-4BC6-9C4A-E6760935C6D2}.Release|x64.Build.0 = Release|Any CPU
		{A41F5E31-EF8D-4BC6-9C4A-E6760935C6D2}.Release|x86.ActiveCfg = Release|Any CPU
		{A41F5E31-EF8D-4BC6-9C4A-E6760935C6D2}.Release|x86.Build.0 = Release|Any CPU
	EndGlobalSection
	GlobalSection(SolutionProperties) = preSolution
		HideSolutionNode = FALSE
	EndGlobalSection
	GlobalSection(NestedProjects) = preSolution
		{4691A7A9-676C-4397-8AD4-26B455CFEFA4} = {CB2A3DEE-0493-4168-A028-21F9B6455434}
		{6D41A0A2-AAC8-4235-9217-8DDC2546642C} = {CB2A3DEE-0493-4168-A028-21F9B6455434}
		{FD5F12CD-ED26-4636-A451-7F9F4E080161} = {CB2A3DEE-0493-4168-A028-21F9B6455434}
		{BD714876-5416-4683-9D23-32194C4A6E30} = {CB2A3DEE-0493-4168-A028-21F9B6455434}
		{5337F436-D56B-4EA4-9908-C47B48060AA8} = {CB2A3DEE-0493-4168-A028-21F9B6455434}
		{15E320DF-C587-4B2F-89DC-9B87B81184CA} = {CB2A3DEE-0493-4168-A028-21F9B6455434}
		{06214367-7FB6-4F36-AB06-0466619F045C} = {CB2A3DEE-0493-4168-A028-21F9B6455434}
		{31FC2BF9-3A69-4544-875B-451E84787819} = {CB2A3DEE-0493-4168-A028-21F9B6455434}
		{6AC3D777-215C-48E5-BC6C-8346DA2976A5} = {CB2A3DEE-0493-4168-A028-21F9B6455434}
		{9EE75AFE-D3B2-4810-AE34-D3297208E210} = {CB2A3DEE-0493-4168-A028-21F9B6455434}
		{EEDF0CB4-ABB0-46E3-B815-FDA0894AA15D} = {CB2A3DEE-0493-4168-A028-21F9B6455434}
		{2D01514D-8D5D-41A2-B85D-5E4569933765} = {CB2A3DEE-0493-4168-A028-21F9B6455434}
		{CE12A7DD-C9F3-4BEB-BC9F-9EF30BDE2B23} = {CB2A3DEE-0493-4168-A028-21F9B6455434}
		{4869E56E-C0A2-4BE9-B67F-F789E9D7CEDF} = {CB2A3DEE-0493-4168-A028-21F9B6455434}
		{E782E279-F5BF-4954-B650-54587671EF51} = {4869E56E-C0A2-4BE9-B67F-F789E9D7CEDF}
		{A41F5E31-EF8D-4BC6-9C4A-E6760935C6D2} = {4869E56E-C0A2-4BE9-B67F-F789E9D7CEDF}
	EndGlobalSection
	GlobalSection(ExtensibilityGlobals) = postSolution
		SolutionGuid = {E2D9AD50-1A91-4E26-881F-24CA76E9B2AA}
	EndGlobalSection
EndGlobal
